// !$*UTF8*$!
{
	archiveVersion = 1;
	classes = {
	};
	objectVersion = 55;
	objects = {

/* Begin PBXBuildFile section */
		BA24756927F70CE90081586A /* AppDelegate.swift in Sources */ = {isa = PBXBuildFile; fileRef = BA24756827F70CE90081586A /* AppDelegate.swift */; };
		BA24756B27F70CE90081586A /* SceneDelegate.swift in Sources */ = {isa = PBXBuildFile; fileRef = BA24756A27F70CE90081586A /* SceneDelegate.swift */; };
		BA24756D27F70CE90081586A /* ViewController.swift in Sources */ = {isa = PBXBuildFile; fileRef = BA24756C27F70CE90081586A /* ViewController.swift */; };
		BA24757027F70CE90081586A /* Main.storyboard in Resources */ = {isa = PBXBuildFile; fileRef = BA24756E27F70CE90081586A /* Main.storyboard */; };
		BA24757227F70CEB0081586A /* Assets.xcassets in Resources */ = {isa = PBXBuildFile; fileRef = BA24757127F70CEB0081586A /* Assets.xcassets */; };
		BA24757527F70CEB0081586A /* LaunchScreen.storyboard in Resources */ = {isa = PBXBuildFile; fileRef = BA24757327F70CEB0081586A /* LaunchScreen.storyboard */; };
		BA24758C27F730FC0081586A /* ResponseSchema.swift in Sources */ = {isa = PBXBuildFile; fileRef = BA24758B27F730FC0081586A /* ResponseSchema.swift */; };
		BA24758E27F771990081586A /* Cell.swift in Sources */ = {isa = PBXBuildFile; fileRef = BA24758D27F771990081586A /* Cell.swift */; };
		D73D07EF10637D87C4148BF7 /* Pods_CoctailTest.framework in Frameworks */ = {isa = PBXBuildFile; fileRef = 7BE5A67560A7E743EADE1518 /* Pods_CoctailTest.framework */; };
/* End PBXBuildFile section */

/* Begin PBXFileReference section */
		043605354F8EB4239ED62C8B /* Pods-CoctailTest.debug.xcconfig */ = {isa = PBXFileReference; includeInIndex = 1; lastKnownFileType = text.xcconfig; name = "Pods-CoctailTest.debug.xcconfig"; path = "Target Support Files/Pods-CoctailTest/Pods-CoctailTest.debug.xcconfig"; sourceTree = "<group>"; };
		7BE5A67560A7E743EADE1518 /* Pods_CoctailTest.framework */ = {isa = PBXFileReference; explicitFileType = wrapper.framework; includeInIndex = 0; path = Pods_CoctailTest.framework; sourceTree = BUILT_PRODUCTS_DIR; };
		A857DB2530DD9DA78EA39D3E /* Pods-CoctailTest.release.xcconfig */ = {isa = PBXFileReference; includeInIndex = 1; lastKnownFileType = text.xcconfig; name = "Pods-CoctailTest.release.xcconfig"; path = "Target Support Files/Pods-CoctailTest/Pods-CoctailTest.release.xcconfig"; sourceTree = "<group>"; };
		BA24756527F70CE90081586A /* CoctailTest.app */ = {isa = PBXFileReference; explicitFileType = wrapper.application; includeInIndex = 0; path = CoctailTest.app; sourceTree = BUILT_PRODUCTS_DIR; };
		BA24756827F70CE90081586A /* AppDelegate.swift */ = {isa = PBXFileReference; lastKnownFileType = sourcecode.swift; path = AppDelegate.swift; sourceTree = "<group>"; };
		BA24756A27F70CE90081586A /* SceneDelegate.swift */ = {isa = PBXFileReference; lastKnownFileType = sourcecode.swift; path = SceneDelegate.swift; sourceTree = "<group>"; };
		BA24756C27F70CE90081586A /* ViewController.swift */ = {isa = PBXFileReference; lastKnownFileType = sourcecode.swift; path = ViewController.swift; sourceTree = "<group>"; };
		BA24756F27F70CE90081586A /* Base */ = {isa = PBXFileReference; lastKnownFileType = file.storyboard; name = Base; path = Base.lproj/Main.storyboard; sourceTree = "<group>"; };
		BA24757127F70CEB0081586A /* Assets.xcassets */ = {isa = PBXFileReference; lastKnownFileType = folder.assetcatalog; path = Assets.xcassets; sourceTree = "<group>"; };
		BA24757427F70CEB0081586A /* Base */ = {isa = PBXFileReference; lastKnownFileType = file.storyboard; name = Base; path = Base.lproj/LaunchScreen.storyboard; sourceTree = "<group>"; };
		BA24757627F70CEB0081586A /* Info.plist */ = {isa = PBXFileReference; lastKnownFileType = text.plist.xml; path = Info.plist; sourceTree = "<group>"; };
		BA24758B27F730FC0081586A /* ResponseSchema.swift */ = {isa = PBXFileReference; lastKnownFileType = sourcecode.swift; path = ResponseSchema.swift; sourceTree = "<group>"; };
		BA24758D27F771990081586A /* Cell.swift */ = {isa = PBXFileReference; lastKnownFileType = sourcecode.swift; path = Cell.swift; sourceTree = "<group>"; };
/* End PBXFileReference section */

/* Begin PBXFrameworksBuildPhase section */
		BA24756227F70CE90081586A /* Frameworks */ = {
			isa = PBXFrameworksBuildPhase;
			buildActionMask = 2147483647;
			files = (
				D73D07EF10637D87C4148BF7 /* Pods_CoctailTest.framework in Frameworks */,
			);
			runOnlyForDeploymentPostprocessing = 0;
		};
/* End PBXFrameworksBuildPhase section */

/* Begin PBXGroup section */
		14FB289DE7BD830C38284048 /* Pods */ = {
			isa = PBXGroup;
			children = (
				043605354F8EB4239ED62C8B /* Pods-CoctailTest.debug.xcconfig */,
				A857DB2530DD9DA78EA39D3E /* Pods-CoctailTest.release.xcconfig */,
			);
			path = Pods;
			sourceTree = "<group>";
		};
		6DBFD3C1530EC5DF594F3F79 /* Frameworks */ = {
			isa = PBXGroup;
			children = (
				7BE5A67560A7E743EADE1518 /* Pods_CoctailTest.framework */,
			);
			name = Frameworks;
			sourceTree = "<group>";
		};
		BA24755C27F70CE90081586A = {
			isa = PBXGroup;
			children = (
				BA24756727F70CE90081586A /* CoctailTest */,
				BA24756627F70CE90081586A /* Products */,
				14FB289DE7BD830C38284048 /* Pods */,
				6DBFD3C1530EC5DF594F3F79 /* Frameworks */,
			);
			sourceTree = "<group>";
		};
		BA24756627F70CE90081586A /* Products */ = {
			isa = PBXGroup;
			children = (
				BA24756527F70CE90081586A /* CoctailTest.app */,
			);
			name = Products;
			sourceTree = "<group>";
		};
		BA24756727F70CE90081586A /* CoctailTest */ = {
			isa = PBXGroup;
			children = (
				BA24756827F70CE90081586A /* AppDelegate.swift */,
				BA24756A27F70CE90081586A /* SceneDelegate.swift */,
				BA24756C27F70CE90081586A /* ViewController.swift */,
				BA24756E27F70CE90081586A /* Main.storyboard */,
				BA24757127F70CEB0081586A /* Assets.xcassets */,
				BA24757327F70CEB0081586A /* LaunchScreen.storyboard */,
				BA24757627F70CEB0081586A /* Info.plist */,
				BA24758B27F730FC0081586A /* ResponseSchema.swift */,
				BA24758D27F771990081586A /* Cell.swift */,
			);
			path = CoctailTest;
			sourceTree = "<group>";
		};
/* End PBXGroup section */

/* Begin PBXNativeTarget section */
		BA24756427F70CE90081586A /* CoctailTest */ = {
			isa = PBXNativeTarget;
			buildConfigurationList = BA24757927F70CEB0081586A /* Build configuration list for PBXNativeTarget "CoctailTest" */;
			buildPhases = (
				DB8D95DC74AF7875FF4BA42E /* [CP] Check Pods Manifest.lock */,
				BA24756127F70CE90081586A /* Sources */,
				BA24756227F70CE90081586A /* Frameworks */,
				BA24756327F70CE90081586A /* Resources */,
				FA3EE04151507A6A46F02C5D /* [CP] Embed Pods Frameworks */,
			);
			buildRules = (
			);
			dependencies = (
			);
			name = CoctailTest;
			productName = CoctailTest;
			productReference = BA24756527F70CE90081586A /* CoctailTest.app */;
			productType = "com.apple.product-type.application";
		};
/* End PBXNativeTarget section */

/* Begin PBXProject section */
		BA24755D27F70CE90081586A /* Project object */ = {
			isa = PBXProject;
			attributes = {
				BuildIndependentTargetsInParallel = 1;
				LastSwiftUpdateCheck = 1320;
				LastUpgradeCheck = 1320;
				TargetAttributes = {
					BA24756427F70CE90081586A = {
						CreatedOnToolsVersion = 13.2.1;
					};
				};
			};
			buildConfigurationList = BA24756027F70CE90081586A /* Build configuration list for PBXProject "CoctailTest" */;
			compatibilityVersion = "Xcode 13.0";
			developmentRegion = en;
			hasScannedForEncodings = 0;
			knownRegions = (
				en,
				Base,
			);
			mainGroup = BA24755C27F70CE90081586A;
			productRefGroup = BA24756627F70CE90081586A /* Products */;
			projectDirPath = "";
			projectRoot = "";
			targets = (
				BA24756427F70CE90081586A /* CoctailTest */,
			);
		};
/* End PBXProject section */

/* Begin PBXResourcesBuildPhase section */
		BA24756327F70CE90081586A /* Resources */ = {
			isa = PBXResourcesBuildPhase;
			buildActionMask = 2147483647;
			files = (
				BA24757527F70CEB0081586A /* LaunchScreen.storyboard in Resources */,
				BA24757227F70CEB0081586A /* Assets.xcassets in Resources */,
				BA24757027F70CE90081586A /* Main.storyboard in Resources */,
			);
			runOnlyForDeploymentPostprocessing = 0;
		};
/* End PBXResourcesBuildPhase section */

/* Begin PBXShellScriptBuildPhase section */
		DB8D95DC74AF7875FF4BA42E /* [CP] Check Pods Manifest.lock */ = {
			isa = PBXShellScriptBuildPhase;
			buildActionMask = 2147483647;
			files = (
			);
			inputFileListPaths = (
			);
			inputPaths = (
				"${PODS_PODFILE_DIR_PATH}/Podfile.lock",
				"${PODS_ROOT}/Manifest.lock",
			);
			name = "[CP] Check Pods Manifest.lock";
			outputFileListPaths = (
			);
			outputPaths = (
				"$(DERIVED_FILE_DIR)/Pods-CoctailTest-checkManifestLockResult.txt",
			);
			runOnlyForDeploymentPostprocessing = 0;
			shellPath = /bin/sh;
			shellScript = "diff \"${PODS_PODFILE_DIR_PATH}/Podfile.lock\" \"${PODS_ROOT}/Manifest.lock\" > /dev/null\nif [ $? != 0 ] ; then\n    # print error to STDERR\n    echo \"error: The sandbox is not in sync with the Podfile.lock. Run 'pod install' or update your CocoaPods installation.\" >&2\n    exit 1\nfi\n# This output is used by Xcode 'outputs' to avoid re-running this script phase.\necho \"SUCCESS\" > \"${SCRIPT_OUTPUT_FILE_0}\"\n";
			showEnvVarsInLog = 0;
		};
		FA3EE04151507A6A46F02C5D /* [CP] Embed Pods Frameworks */ = {
			isa = PBXShellScriptBuildPhase;
			buildActionMask = 2147483647;
			files = (
			);
			inputFileListPaths = (
				"${PODS_ROOT}/Target Support Files/Pods-CoctailTest/Pods-CoctailTest-frameworks-${CONFIGURATION}-input-files.xcfilelist",
			);
			name = "[CP] Embed Pods Frameworks";
			outputFileListPaths = (
				"${PODS_ROOT}/Target Support Files/Pods-CoctailTest/Pods-CoctailTest-frameworks-${CONFIGURATION}-output-files.xcfilelist",
			);
			runOnlyForDeploymentPostprocessing = 0;
			shellPath = /bin/sh;
			shellScript = "\"${PODS_ROOT}/Target Support Files/Pods-CoctailTest/Pods-CoctailTest-frameworks.sh\"\n";
			showEnvVarsInLog = 0;
		};
/* End PBXShellScriptBuildPhase section */

/* Begin PBXSourcesBuildPhase section */
		BA24756127F70CE90081586A /* Sources */ = {
			isa = PBXSourcesBuildPhase;
			buildActionMask = 2147483647;
			files = (
				BA24756D27F70CE90081586A /* ViewController.swift in Sources */,
				BA24756927F70CE90081586A /* AppDelegate.swift in Sources */,
				BA24758E27F771990081586A /* Cell.swift in Sources */,
				BA24756B27F70CE90081586A /* SceneDelegate.swift in Sources */,
				BA24758C27F730FC0081586A /* ResponseSchema.swift in Sources */,
			);
			runOnlyForDeploymentPostprocessing = 0;
		};
/* End PBXSourcesBuildPhase section */

/* Begin PBXVariantGroup section */
		BA24756E27F70CE90081586A /* Main.storyboard */ = {
			isa = PBXVariantGroup;
			children = (
				BA24756F27F70CE90081586A /* Base */,
			);
			name = Main.storyboard;
			sourceTree = "<group>";
		};
		BA24757327F70CEB0081586A /* LaunchScreen.storyboard */ = {
			isa = PBXVariantGroup;
			children = (
				BA24757427F70CEB0081586A /* Base */,
			);
			name = LaunchScreen.storyboard;
			sourceTree = "<group>";
		};
/* End PBXVariantGroup section */

/* Begin XCBuildConfiguration section */
		BA24757727F70CEB0081586A /* Debug */ = {
			isa = XCBuildConfiguration;
			buildSettings = {
				ALWAYS_SEARCH_USER_PATHS = NO;
				CLANG_ANALYZER_NONNULL = YES;
				CLANG_ANALYZER_NUMBER_OBJECT_CONVERSION = YES_AGGRESSIVE;
				CLANG_CXX_LANGUAGE_STANDARD = "gnu++17";
				CLANG_CXX_LIBRARY = "libc++";
				CLANG_ENABLE_MODULES = YES;
				CLANG_ENABLE_OBJC_ARC = YES;
				CLANG_ENABLE_OBJC_WEAK = YES;
				CLANG_WARN_BLOCK_CAPTURE_AUTORELEASING = YES;
				CLANG_WARN_BOOL_CONVERSION = YES;
				CLANG_WARN_COMMA = YES;
				CLANG_WARN_CONSTANT_CONVERSION = YES;
				CLANG_WARN_DEPRECATED_OBJC_IMPLEMENTATIONS = YES;
				CLANG_WARN_DIRECT_OBJC_ISA_USAGE = YES_ERROR;
				CLANG_WARN_DOCUMENTATION_COMMENTS = YES;
				CLANG_WARN_EMPTY_BODY = YES;
				CLANG_WARN_ENUM_CONVERSION = YES;
				CLANG_WARN_INFINITE_RECURSION = YES;
				CLANG_WARN_INT_CONVERSION = YES;
				CLANG_WARN_NON_LITERAL_NULL_CONVERSION = YES;
				CLANG_WARN_OBJC_IMPLICIT_RETAIN_SELF = YES;
				CLANG_WARN_OBJC_LITERAL_CONVERSION = YES;
				CLANG_WARN_OBJC_ROOT_CLASS = YES_ERROR;
				CLANG_WARN_QUOTED_INCLUDE_IN_FRAMEWORK_HEADER = YES;
				CLANG_WARN_RANGE_LOOP_ANALYSIS = YES;
				CLANG_WARN_STRICT_PROTOTYPES = YES;
				CLANG_WARN_SUSPICIOUS_MOVE = YES;
				CLANG_WARN_UNGUARDED_AVAILABILITY = YES_AGGRESSIVE;
				CLANG_WARN_UNREACHABLE_CODE = YES;
				CLANG_WARN__DUPLICATE_METHOD_MATCH = YES;
				COPY_PHASE_STRIP = NO;
				DEBUG_INFORMATION_FORMAT = dwarf;
				ENABLE_STRICT_OBJC_MSGSEND = YES;
				ENABLE_TESTABILITY = YES;
				GCC_C_LANGUAGE_STANDARD = gnu11;
				GCC_DYNAMIC_NO_PIC = NO;
				GCC_NO_COMMON_BLOCKS = YES;
				GCC_OPTIMIZATION_LEVEL = 0;
				GCC_PREPROCESSOR_DEFINITIONS = (
					"DEBUG=1",
					"$(inherited)",
				);
				GCC_WARN_64_TO_32_BIT_CONVERSION = YES;
				GCC_WARN_ABOUT_RETURN_TYPE = YES_ERROR;
				GCC_WARN_UNDECLARED_SELECTOR = YES;
				GCC_WARN_UNINITIALIZED_AUTOS = YES_AGGRESSIVE;
				GCC_WARN_UNUSED_FUNCTION = YES;
				GCC_WARN_UNUSED_VARIABLE = YES;
				IPHONEOS_DEPLOYMENT_TARGET = 15.2;
				MTL_ENABLE_DEBUG_INFO = INCLUDE_SOURCE;
				MTL_FAST_MATH = YES;
				ONLY_ACTIVE_ARCH = YES;
				SDKROOT = iphoneos;
				SWIFT_ACTIVE_COMPILATION_CONDITIONS = DEBUG;
				SWIFT_OPTIMIZATION_LEVEL = "-Onone";
			};
			name = Debug;
		};
		BA24757827F70CEB0081586A /* Release */ = {
			isa = XCBuildConfiguration;
			buildSettings = {
				ALWAYS_SEARCH_USER_PATHS = NO;
				CLANG_ANALYZER_NONNULL = YES;
				CLANG_ANALYZER_NUMBER_OBJECT_CONVERSION = YES_AGGRESSIVE;
				CLANG_CXX_LANGUAGE_STANDARD = "gnu++17";
				CLANG_CXX_LIBRARY = "libc++";
				CLANG_ENABLE_MODULES = YES;
				CLANG_ENABLE_OBJC_ARC = YES;
				CLANG_ENABLE_OBJC_WEAK = YES;
				CLANG_WARN_BLOCK_CAPTURE_AUTORELEASING = YES;
				CLANG_WARN_BOOL_CONVERSION = YES;
				CLANG_WARN_COMMA = YES;
				CLANG_WARN_CONSTANT_CONVERSION = YES;
				CLANG_WARN_DEPRECATED_OBJC_IMPLEMENTATIONS = YES;
				CLANG_WARN_DIRECT_OBJC_ISA_USAGE = YES_ERROR;
				CLANG_WARN_DOCUMENTATION_COMMENTS = YES;
				CLANG_WARN_EMPTY_BODY = YES;
				CLANG_WARN_ENUM_CONVERSION = YES;
				CLANG_WARN_INFINITE_RECURSION = YES;
				CLANG_WARN_INT_CONVERSION = YES;
				CLANG_WARN_NON_LITERAL_NULL_CONVERSION = YES;
				CLANG_WARN_OBJC_IMPLICIT_RETAIN_SELF = YES;
				CLANG_WARN_OBJC_LITERAL_CONVERSION = YES;
				CLANG_WARN_OBJC_ROOT_CLASS = YES_ERROR;
				CLANG_WARN_QUOTED_INCLUDE_IN_FRAMEWORK_HEADER = YES;
				CLANG_WARN_RANGE_LOOP_ANALYSIS = YES;
				CLANG_WARN_STRICT_PROTOTYPES = YES;
				CLANG_WARN_SUSPICIOUS_MOVE = YES;
				CLANG_WARN_UNGUARDED_AVAILABILITY = YES_AGGRESSIVE;
				CLANG_WARN_UNREACHABLE_CODE = YES;
				CLANG_WARN__DUPLICATE_METHOD_MATCH = YES;
				COPY_PHASE_STRIP = NO;
				DEBUG_INFORMATION_FORMAT = "dwarf-with-dsym";
				ENABLE_NS_ASSERTIONS = NO;
				ENABLE_STRICT_OBJC_MSGSEND = YES;
				GCC_C_LANGUAGE_STANDARD = gnu11;
				GCC_NO_COMMON_BLOCKS = YES;
				GCC_WARN_64_TO_32_BIT_CONVERSION = YES;
				GCC_WARN_ABOUT_RETURN_TYPE = YES_ERROR;
				GCC_WARN_UNDECLARED_SELECTOR = YES;
				GCC_WARN_UNINITIALIZED_AUTOS = YES_AGGRESSIVE;
				GCC_WARN_UNUSED_FUNCTION = YES;
				GCC_WARN_UNUSED_VARIABLE = YES;
				IPHONEOS_DEPLOYMENT_TARGET = 15.2;
				MTL_ENABLE_DEBUG_INFO = NO;
				MTL_FAST_MATH = YES;
				SDKROOT = iphoneos;
				SWIFT_COMPILATION_MODE = wholemodule;
				SWIFT_OPTIMIZATION_LEVEL = "-O";
				VALIDATE_PRODUCT = YES;
			};
			name = Release;
		};
		BA24757A27F70CEB0081586A /* Debug */ = {
			isa = XCBuildConfiguration;
			baseConfigurationReference = 043605354F8EB4239ED62C8B /* Pods-CoctailTest.debug.xcconfig */;
			buildSettings = {
				ASSETCATALOG_COMPILER_APPICON_NAME = AppIcon;
				ASSETCATALOG_COMPILER_GLOBAL_ACCENT_COLOR_NAME = AccentColor;
				CODE_SIGN_STYLE = Automatic;
				CURRENT_PROJECT_VERSION = 1;
				DEVELOPMENT_TEAM = J7MCG624CD;
				GENERATE_INFOPLIST_FILE = YES;
				INFOPLIST_FILE = CoctailTest/Info.plist;
				INFOPLIST_KEY_UIApplicationSupportsIndirectInputEvents = YES;
				INFOPLIST_KEY_UILaunchStoryboardName = LaunchScreen;
				INFOPLIST_KEY_UIMainStoryboardFile = Main;
				INFOPLIST_KEY_UISupportedInterfaceOrientations = UIInterfaceOrientationPortrait;
				INFOPLIST_KEY_UISupportedInterfaceOrientations_iPad = "UIInterfaceOrientationPortrait UIInterfaceOrientationPortraitUpsideDown UIInterfaceOrientationLandscapeLeft UIInterfaceOrientationLandscapeRight";
				INFOPLIST_KEY_UISupportedInterfaceOrientations_iPhone = "UIInterfaceOrientationPortrait UIInterfaceOrientationLandscapeLeft UIInterfaceOrientationLandscapeRight";
				IPHONEOS_DEPLOYMENT_TARGET = 13.0;
				LD_RUNPATH_SEARCH_PATHS = (
					"$(inherited)",
					"@executable_path/Frameworks",
				);
				MARKETING_VERSION = 1.0;
				PRODUCT_BUNDLE_IDENTIFIER = vitalii.CoctailTest;
				PRODUCT_NAME = "$(TARGET_NAME)";
				SWIFT_EMIT_LOC_STRINGS = YES;
				SWIFT_VERSION = 5.0;
				TARGETED_DEVICE_FAMILY = 1;
			};
			name = Debug;
		};
		BA24757B27F70CEB0081586A /* Release */ = {
			isa = XCBuildConfiguration;
			baseConfigurationReference = A857DB2530DD9DA78EA39D3E /* Pods-CoctailTest.release.xcconfig */;
			buildSettings = {
				ASSETCATALOG_COMPILER_APPICON_NAME = AppIcon;
				ASSETCATALOG_COMPILER_GLOBAL_ACCENT_COLOR_NAME = AccentColor;
				CODE_SIGN_STYLE = Automatic;
				CURRENT_PROJECT_VERSION = 1;
				DEVELOPMENT_TEAM = J7MCG624CD;
				GENERATE_INFOPLIST_FILE = YES;
				INFOPLIST_FILE = CoctailTest/Info.plist;
				INFOPLIST_KEY_UIApplicationSupportsIndirectInputEvents = YES;
				INFOPLIST_KEY_UILaunchStoryboardName = LaunchScreen;
				INFOPLIST_KEY_UIMainStoryboardFile = Main;
				INFOPLIST_KEY_UISupportedInterfaceOrientations = UIInterfaceOrientationPortrait;
				INFOPLIST_KEY_UISupportedInterfaceOrientations_iPad = "UIInterfaceOrientationPortrait UIInterfaceOrientationPortraitUpsideDown UIInterfaceOrientationLandscapeLeft UIInterfaceOrientationLandscapeRight";
				INFOPLIST_KEY_UISupportedInterfaceOrientations_iPhone = "UIInterfaceOrientationPortrait UIInterfaceOrientationLandscapeLeft UIInterfaceOrientationLandscapeRight";
				IPHONEOS_DEPLOYMENT_TARGET = 13.0;
				LD_RUNPATH_SEARCH_PATHS = (
					"$(inherited)",
					"@executable_path/Frameworks",
				);
				MARKETING_VERSION = 1.0;
				PRODUCT_BUNDLE_IDENTIFIER = vitalii.CoctailTest;
				PRODUCT_NAME = "$(TARGET_NAME)";
				SWIFT_EMIT_LOC_STRINGS = YES;
				SWIFT_VERSION = 5.0;
				TARGETED_DEVICE_FAMILY = 1;
			};
			name = Release;
		};
/* End XCBuildConfiguration section */

/* Begin XCConfigurationList section */
		BA24756027F70CE90081586A /* Build configuration list for PBXProject "CoctailTest" */ = {
			isa = XCConfigurationList;
			buildConfigurations = (
				BA24757727F70CEB0081586A /* Debug */,
				BA24757827F70CEB0081586A /* Release */,
			);
			defaultConfigurationIsVisible = 0;
			defaultConfigurationName = Release;
		};
		BA24757927F70CEB0081586A /* Build configuration list for PBXNativeTarget "CoctailTest" */ = {
			isa = XCConfigurationList;
			buildConfigurations = (
				BA24757A27F70CEB0081586A /* Debug */,
				BA24757B27F70CEB0081586A /* Release */,
			);
			defaultConfigurationIsVisible = 0;
			defaultConfigurationName = Release;
		};
/* End XCConfigurationList section */
	};
	rootObject = BA24755D27F70CE90081586A /* Project object */;
}
